
Microsoft Visual Studio Solution File, Format Version 12.00
# Visual Studio Version 17
VisualStudioVersion = 17.1.32414.318
MinimumVisualStudioVersion = 10.0.40219.1
Project("{2150E333-8FDC-42A3-9474-1A3956D46DE8}") = "Servers", "Servers", "{71534117-A90A-4F04-9ADA-BA0672EDE303}"
EndProject
Project("{2150E333-8FDC-42A3-9474-1A3956D46DE8}") = "Clients", "Clients", "{AB6FECBC-9087-4740-AFD1-13CD491F0D4F}"
EndProject
Project("{FAE04EC0-301F-11D3-BF4B-00C04F79EFBC}") = "ShoppingOnline", "ShoppingOnline\ShoppingOnline.csproj", "{269E62C5-4F57-44B9-96B9-E64A7480DC1B}"
EndProject
Project("{FAE04EC0-301F-11D3-BF4B-00C04F79EFBC}") = "WalletClient.Android", "WalletClient\WalletClient.Android\WalletClient.Android.csproj", "{3D43D978-75BB-4F41-920B-02C70619DEC8}"
EndProject
Project("{FAE04EC0-301F-11D3-BF4B-00C04F79EFBC}") = "WalletClient.iOS", "WalletClient\WalletClient.iOS\WalletClient.iOS.csproj", "{2397024F-987A-4595-BD00-5F74DED257DF}"
EndProject
Project("{FAE04EC0-301F-11D3-BF4B-00C04F79EFBC}") = "WalletClient", "WalletClient\WalletClient\WalletClient.csproj", "{8D5389BB-8BD7-4EDC-966E-5F4019DA9841}"
EndProject
Global
	GlobalSection(SolutionConfigurationPlatforms) = preSolution
		Debug|Any CPU = Debug|Any CPU
		Debug|iPhone = Debug|iPhone
		Debug|iPhoneSimulator = Debug|iPhoneSimulator
		Release|Any CPU = Release|Any CPU
		Release|iPhone = Release|iPhone
		Release|iPhoneSimulator = Release|iPhoneSimulator
	EndGlobalSection
	GlobalSection(ProjectConfigurationPlatforms) = postSolution
		{269E62C5-4F57-44B9-96B9-E64A7480DC1B}.Debug|Any CPU.ActiveCfg = Debug|Any CPU
		{269E62C5-4F57-44B9-96B9-E64A7480DC1B}.Debug|Any CPU.Build.0 = Debug|Any CPU
		{269E62C5-4F57-44B9-96B9-E64A7480DC1B}.Debug|iPhone.ActiveCfg = Debug|Any CPU
		{269E62C5-4F57-44B9-96B9-E64A7480DC1B}.Debug|iPhone.Build.0 = Debug|Any CPU
		{269E62C5-4F57-44B9-96B9-E64A7480DC1B}.Debug|iPhoneSimulator.ActiveCfg = Debug|Any CPU
		{269E62C5-4F57-44B9-96B9-E64A7480DC1B}.Debug|iPhoneSimulator.Build.0 = Debug|Any CPU
		{269E62C5-4F57-44B9-96B9-E64A7480DC1B}.Release|Any CPU.ActiveCfg = Release|Any CPU
		{269E62C5-4F57-44B9-96B9-E64A7480DC1B}.Release|Any CPU.Build.0 = Release|Any CPU
		{269E62C5-4F57-44B9-96B9-E64A7480DC1B}.Release|iPhone.ActiveCfg = Release|Any CPU
		{269E62C5-4F57-44B9-96B9-E64A7480DC1B}.Release|iPhone.Build.0 = Release|Any CPU
		{269E62C5-4F57-44B9-96B9-E64A7480DC1B}.Release|iPhoneSimulator.ActiveCfg = Release|Any CPU
		{269E62C5-4F57-44B9-96B9-E64A7480DC1B}.Release|iPhoneSimulator.Build.0 = Release|Any CPU
		{3D43D978-75BB-4F41-920B-02C70619DEC8}.Debug|Any CPU.ActiveCfg = Debug|Any CPU
		{3D43D978-75BB-4F41-920B-02C70619DEC8}.Debug|Any CPU.Build.0 = Debug|Any CPU
		{3D43D978-75BB-4F41-920B-02C70619DEC8}.Debug|Any CPU.Deploy.0 = Debug|Any CPU
		{3D43D978-75BB-4F41-920B-02C70619DEC8}.Debug|iPhone.ActiveCfg = Debug|Any CPU
		{3D43D978-75BB-4F41-920B-02C70619DEC8}.Debug|iPhone.Build.0 = Debug|Any CPU
		{3D43D978-75BB-4F41-920B-02C70619DEC8}.Debug|iPhone.Deploy.0 = Debug|Any CPU
		{3D43D978-75BB-4F41-920B-02C70619DEC8}.Debug|iPhoneSimulator.ActiveCfg = Debug|Any CPU
		{3D43D978-75BB-4F41-920B-02C70619DEC8}.Debug|iPhoneSimulator.Build.0 = Debug|Any CPU
		{3D43D978-75BB-4F41-920B-02C70619DEC8}.Debug|iPhoneSimulator.Deploy.0 = Debug|Any CPU
		{3D43D978-75BB-4F41-920B-02C70619DEC8}.Release|Any CPU.ActiveCfg = Release|Any CPU
		{3D43D978-75BB-4F41-920B-02C70619DEC8}.Release|Any CPU.Build.0 = Release|Any CPU
		{3D43D978-75BB-4F41-920B-02C70619DEC8}.Release|Any CPU.Deploy.0 = Release|Any CPU
		{3D43D978-75BB-4F41-920B-02C70619DEC8}.Release|iPhone.ActiveCfg = Release|Any CPU
		{3D43D978-75BB-4F41-920B-02C70619DEC8}.Release|iPhone.Build.0 = Release|Any CPU
		{3D43D978-75BB-4F41-920B-02C70619DEC8}.Release|iPhone.Deploy.0 = Release|Any CPU
		{3D43D978-75BB-4F41-920B-02C70619DEC8}.Release|iPhoneSimulator.ActiveCfg = Release|Any CPU
		{3D43D978-75BB-4F41-920B-02C70619DEC8}.Release|iPhoneSimulator.Build.0 = Release|Any CPU
		{3D43D978-75BB-4F41-920B-02C70619DEC8}.Release|iPhoneSimulator.Deploy.0 = Release|Any CPU
		{2397024F-987A-4595-BD00-5F74DED257DF}.Debug|Any CPU.ActiveCfg = Debug|iPhoneSimulator
		{2397024F-987A-4595-BD00-5F74DED257DF}.Debug|Any CPU.Build.0 = Debug|iPhoneSimulator
		{2397024F-987A-4595-BD00-5F74DED257DF}.Debug|iPhone.ActiveCfg = Debug|iPhone
		{2397024F-987A-4595-BD00-5F74DED257DF}.Debug|iPhone.Build.0 = Debug|iPhone
		{2397024F-987A-4595-BD00-5F74DED257DF}.Debug|iPhoneSimulator.ActiveCfg = Debug|iPhoneSimulator
		{2397024F-987A-4595-BD00-5F74DED257DF}.Debug|iPhoneSimulator.Build.0 = Debug|iPhoneSimulator
		{2397024F-987A-4595-BD00-5F74DED257DF}.Release|Any CPU.ActiveCfg = Release|iPhoneSimulator
		{2397024F-987A-4595-BD00-5F74DED257DF}.Release|Any CPU.Build.0 = Release|iPhoneSimulator
		{2397024F-987A-4595-BD00-5F74DED257DF}.Release|iPhone.ActiveCfg = Release|iPhone
		{2397024F-987A-4595-BD00-5F74DED257DF}.Release|iPhone.Build.0 = Release|iPhone
		{2397024F-987A-4595-BD00-5F74DED257DF}.Release|iPhoneSimulator.ActiveCfg = Release|iPhoneSimulator
		{2397024F-987A-4595-BD00-5F74DED257DF}.Release|iPhoneSimulator.Build.0 = Release|iPhoneSimulator
		{8D5389BB-8BD7-4EDC-966E-5F4019DA9841}.Debug|Any CPU.ActiveCfg = Debug|Any CPU
		{8D5389BB-8BD7-4EDC-966E-5F4019DA9841}.Debug|Any CPU.Build.0 = Debug|Any CPU
		{8D5389BB-8BD7-4EDC-966E-5F4019DA9841}.Debug|iPhone.ActiveCfg = Debug|Any CPU
		{8D5389BB-8BD7-4EDC-966E-5F4019DA9841}.Debug|iPhone.Build.0 = Debug|Any CPU
		{8D5389BB-8BD7-4EDC-966E-5F4019DA9841}.Debug|iPhoneSimulator.ActiveCfg = Debug|Any CPU
		{8D5389BB-8BD7-4EDC-966E-5F4019DA9841}.Debug|iPhoneSimulator.Build.0 = Debug|Any CPU
		{8D5389BB-8BD7-4EDC-966E-5F4019DA9841}.Release|Any CPU.ActiveCfg = Release|Any CPU
		{8D5389BB-8BD7-4EDC-966E-5F4019DA9841}.Release|Any CPU.Build.0 = Release|Any CPU
		{8D5389BB-8BD7-4EDC-966E-5F4019DA9841}.Release|iPhone.ActiveCfg = Release|Any CPU
		{8D5389BB-8BD7-4EDC-966E-5F4019DA9841}.Release|iPhone.Build.0 = Release|Any CPU
		{8D5389BB-8BD7-4EDC-966E-5F4019DA9841}.Release|iPhoneSimulator.ActiveCfg = Release|Any CPU
		{8D5389BB-8BD7-4EDC-966E-5F4019DA9841}.Release|iPhoneSimulator.Build.0 = Release|Any CPU
	EndGlobalSection
	GlobalSection(SolutionProperties) = preSolution
		HideSolutionNode = FALSE
	EndGlobalSection
	GlobalSection(NestedProjects) = preSolution
		{269E62C5-4F57-44B9-96B9-E64A7480DC1B} = {71534117-A90A-4F04-9ADA-BA0672EDE303}
		{3D43D978-75BB-4F41-920B-02C70619DEC8} = {AB6FECBC-9087-4740-AFD1-13CD491F0D4F}
		{2397024F-987A-4595-BD00-5F74DED257DF} = {AB6FECBC-9087-4740-AFD1-13CD491F0D4F}
		{8D5389BB-8BD7-4EDC-966E-5F4019DA9841} = {AB6FECBC-9087-4740-AFD1-13CD491F0D4F}
	EndGlobalSection
	GlobalSection(ExtensibilityGlobals) = postSolution
		SolutionGuid = {CCEAA934-801A-4B0A-B350-55F68F98A692}
	EndGlobalSection
EndGlobal
